// !$*UTF8*$!
{
	archiveVersion = 1;
	classes = {
	};
	objectVersion = 46;
	objects = {

/* Begin PBXBuildFile section */
		204223DE1F2246CF00D2D4C0 /* AppDelegate.swift in Sources */ = {isa = PBXBuildFile; fileRef = 204223DD1F2246CF00D2D4C0 /* AppDelegate.swift */; };
		204223E01F2246CF00D2D4C0 /* ViewController.swift in Sources */ = {isa = PBXBuildFile; fileRef = 204223DF1F2246CF00D2D4C0 /* ViewController.swift */; };
		204223E31F2246CF00D2D4C0 /* Main.storyboard in Resources */ = {isa = PBXBuildFile; fileRef = 204223E11F2246CF00D2D4C0 /* Main.storyboard */; };
		204223E51F2246CF00D2D4C0 /* Assets.xcassets in Resources */ = {isa = PBXBuildFile; fileRef = 204223E41F2246CF00D2D4C0 /* Assets.xcassets */; };
		204223E81F2246CF00D2D4C0 /* LaunchScreen.storyboard in Resources */ = {isa = PBXBuildFile; fileRef = 204223E61F2246CF00D2D4C0 /* LaunchScreen.storyboard */; };
		674FB4DE1F285F8A0065E410 /* RxCocoa.framework in Frameworks */ = {isa = PBXBuildFile; fileRef = 674FB4DB1F285F8A0065E410 /* RxCocoa.framework */; };
		674FB4DF1F285F8A0065E410 /* RxSwift.framework in Frameworks */ = {isa = PBXBuildFile; fileRef = 674FB4DC1F285F8A0065E410 /* RxSwift.framework */; };
		674FB4E01F285F8A0065E410 /* Kingfisher.framework in Frameworks */ = {isa = PBXBuildFile; fileRef = 674FB4DD1F285F8A0065E410 /* Kingfisher.framework */; };
		674FB4F11F2860390065E410 /* UIViewControllerExtention.swift in Sources */ = {isa = PBXBuildFile; fileRef = 674FB4E31F2860390065E410 /* UIViewControllerExtention.swift */; };
		674FB4F21F2860390065E410 /* NSObjectProtocolExtension.swift in Sources */ = {isa = PBXBuildFile; fileRef = 674FB4E41F2860390065E410 /* NSObjectProtocolExtension.swift */; };
		674FB4F31F2860390065E410 /* UIImageViewExtension.swift in Sources */ = {isa = PBXBuildFile; fileRef = 674FB4E51F2860390065E410 /* UIImageViewExtension.swift */; };
		674FB4F41F2860390065E410 /* UIScrollView+Rx.swift in Sources */ = {isa = PBXBuildFile; fileRef = 674FB4E61F2860390065E410 /* UIScrollView+Rx.swift */; };
		674FB4F51F2860390065E410 /* UIStoryboardExtention.swift in Sources */ = {isa = PBXBuildFile; fileRef = 674FB4E71F2860390065E410 /* UIStoryboardExtention.swift */; };
		674FB4F61F2860390065E410 /* UITableViewCellExtension.swift in Sources */ = {isa = PBXBuildFile; fileRef = 674FB4E81F2860390065E410 /* UITableViewCellExtension.swift */; };
		674FB4F71F2860390065E410 /* UIViewExtension.swift in Sources */ = {isa = PBXBuildFile; fileRef = 674FB4E91F2860390065E410 /* UIViewExtension.swift */; };
		674FB4F81F2860390065E410 /* CellNibable.swift in Sources */ = {isa = PBXBuildFile; fileRef = 674FB4EA1F2860390065E410 /* CellNibable.swift */; };
		674FB4F91F2860390065E410 /* Nibable.swift in Sources */ = {isa = PBXBuildFile; fileRef = 674FB4EB1F2860390065E410 /* Nibable.swift */; };
		674FB4FA1F2860390065E410 /* NSObject+Rx.swift in Sources */ = {isa = PBXBuildFile; fileRef = 674FB4EC1F2860390065E410 /* NSObject+Rx.swift */; };
		674FB4FB1F2860390065E410 /* ReusableViewNibable.swift in Sources */ = {isa = PBXBuildFile; fileRef = 674FB4ED1F2860390065E410 /* ReusableViewNibable.swift */; };
		674FB4FD1F2860390065E410 /* StringExtension.swift in Sources */ = {isa = PBXBuildFile; fileRef = 674FB4EF1F2860390065E410 /* StringExtension.swift */; };
		674FB4FE1F2860390065E410 /* VariableExtension.swift in Sources */ = {isa = PBXBuildFile; fileRef = 674FB4F01F2860390065E410 /* VariableExtension.swift */; };
		674FB5001F28641D0065E410 /* XCGLogger.framework in Frameworks */ = {isa = PBXBuildFile; fileRef = 674FB4FF1F28641D0065E410 /* XCGLogger.framework */; };
		674FB5031F2865390065E410 /* AppEnum.swift in Sources */ = {isa = PBXBuildFile; fileRef = 674FB5021F2865390065E410 /* AppEnum.swift */; };
/* End PBXBuildFile section */

/* Begin PBXFileReference section */
		204223DA1F2246CF00D2D4C0 /* MVVMWithRxSwiftExample.app */ = {isa = PBXFileReference; explicitFileType = wrapper.application; includeInIndex = 0; path = MVVMWithRxSwiftExample.app; sourceTree = BUILT_PRODUCTS_DIR; };
		204223DD1F2246CF00D2D4C0 /* AppDelegate.swift */ = {isa = PBXFileReference; lastKnownFileType = sourcecode.swift; path = AppDelegate.swift; sourceTree = "<group>"; };
		204223DF1F2246CF00D2D4C0 /* ViewController.swift */ = {isa = PBXFileReference; lastKnownFileType = sourcecode.swift; path = ViewController.swift; sourceTree = "<group>"; };
		204223E21F2246CF00D2D4C0 /* Base */ = {isa = PBXFileReference; lastKnownFileType = file.storyboard; name = Base; path = Base.lproj/Main.storyboard; sourceTree = "<group>"; };
		204223E41F2246CF00D2D4C0 /* Assets.xcassets */ = {isa = PBXFileReference; lastKnownFileType = folder.assetcatalog; path = Assets.xcassets; sourceTree = "<group>"; };
		204223E71F2246CF00D2D4C0 /* Base */ = {isa = PBXFileReference; lastKnownFileType = file.storyboard; name = Base; path = Base.lproj/LaunchScreen.storyboard; sourceTree = "<group>"; };
		204223E91F2246CF00D2D4C0 /* Info.plist */ = {isa = PBXFileReference; lastKnownFileType = text.plist.xml; path = Info.plist; sourceTree = "<group>"; };
		674FB4DB1F285F8A0065E410 /* RxCocoa.framework */ = {isa = PBXFileReference; lastKnownFileType = wrapper.framework; name = RxCocoa.framework; path = Carthage/Build/iOS/RxCocoa.framework; sourceTree = "<group>"; };
		674FB4DC1F285F8A0065E410 /* RxSwift.framework */ = {isa = PBXFileReference; lastKnownFileType = wrapper.framework; name = RxSwift.framework; path = Carthage/Build/iOS/RxSwift.framework; sourceTree = "<group>"; };
		674FB4DD1F285F8A0065E410 /* Kingfisher.framework */ = {isa = PBXFileReference; lastKnownFileType = wrapper.framework; name = Kingfisher.framework; path = Carthage/Build/iOS/Kingfisher.framework; sourceTree = "<group>"; };
		674FB4E31F2860390065E410 /* UIViewControllerExtention.swift */ = {isa = PBXFileReference; fileEncoding = 4; lastKnownFileType = sourcecode.swift; path = UIViewControllerExtention.swift; sourceTree = "<group>"; };
		674FB4E41F2860390065E410 /* NSObjectProtocolExtension.swift */ = {isa = PBXFileReference; fileEncoding = 4; lastKnownFileType = sourcecode.swift; path = NSObjectProtocolExtension.swift; sourceTree = "<group>"; };
		674FB4E51F2860390065E410 /* UIImageViewExtension.swift */ = {isa = PBXFileReference; fileEncoding = 4; lastKnownFileType = sourcecode.swift; path = UIImageViewExtension.swift; sourceTree = "<group>"; };
		674FB4E61F2860390065E410 /* UIScrollView+Rx.swift */ = {isa = PBXFileReference; fileEncoding = 4; lastKnownFileType = sourcecode.swift; path = "UIScrollView+Rx.swift"; sourceTree = "<group>"; };
		674FB4E71F2860390065E410 /* UIStoryboardExtention.swift */ = {isa = PBXFileReference; fileEncoding = 4; lastKnownFileType = sourcecode.swift; path = UIStoryboardExtention.swift; sourceTree = "<group>"; };
		674FB4E81F2860390065E410 /* UITableViewCellExtension.swift */ = {isa = PBXFileReference; fileEncoding = 4; lastKnownFileType = sourcecode.swift; path = UITableViewCellExtension.swift; sourceTree = "<group>"; };
		674FB4E91F2860390065E410 /* UIViewExtension.swift */ = {isa = PBXFileReference; fileEncoding = 4; lastKnownFileType = sourcecode.swift; path = UIViewExtension.swift; sourceTree = "<group>"; };
		674FB4EA1F2860390065E410 /* CellNibable.swift */ = {isa = PBXFileReference; fileEncoding = 4; lastKnownFileType = sourcecode.swift; path = CellNibable.swift; sourceTree = "<group>"; };
		674FB4EB1F2860390065E410 /* Nibable.swift */ = {isa = PBXFileReference; fileEncoding = 4; lastKnownFileType = sourcecode.swift; path = Nibable.swift; sourceTree = "<group>"; };
		674FB4EC1F2860390065E410 /* NSObject+Rx.swift */ = {isa = PBXFileReference; fileEncoding = 4; lastKnownFileType = sourcecode.swift; path = "NSObject+Rx.swift"; sourceTree = "<group>"; };
		674FB4ED1F2860390065E410 /* ReusableViewNibable.swift */ = {isa = PBXFileReference; fileEncoding = 4; lastKnownFileType = sourcecode.swift; path = ReusableViewNibable.swift; sourceTree = "<group>"; };
		674FB4EF1F2860390065E410 /* StringExtension.swift */ = {isa = PBXFileReference; fileEncoding = 4; lastKnownFileType = sourcecode.swift; path = StringExtension.swift; sourceTree = "<group>"; };
		674FB4F01F2860390065E410 /* VariableExtension.swift */ = {isa = PBXFileReference; fileEncoding = 4; lastKnownFileType = sourcecode.swift; path = VariableExtension.swift; sourceTree = "<group>"; };
		674FB4FF1F28641D0065E410 /* XCGLogger.framework */ = {isa = PBXFileReference; lastKnownFileType = wrapper.framework; name = XCGLogger.framework; path = Carthage/Build/iOS/XCGLogger.framework; sourceTree = "<group>"; };
		674FB5021F2865390065E410 /* AppEnum.swift */ = {isa = PBXFileReference; fileEncoding = 4; lastKnownFileType = sourcecode.swift; path = AppEnum.swift; sourceTree = "<group>"; };
/* End PBXFileReference section */

/* Begin PBXFrameworksBuildPhase section */
		204223D71F2246CF00D2D4C0 /* Frameworks */ = {
			isa = PBXFrameworksBuildPhase;
			buildActionMask = 2147483647;
			files = (
				674FB5001F28641D0065E410 /* XCGLogger.framework in Frameworks */,
				674FB4DE1F285F8A0065E410 /* RxCocoa.framework in Frameworks */,
				674FB4DF1F285F8A0065E410 /* RxSwift.framework in Frameworks */,
				674FB4E01F285F8A0065E410 /* Kingfisher.framework in Frameworks */,
			);
			runOnlyForDeploymentPostprocessing = 0;
		};
/* End PBXFrameworksBuildPhase section */

/* Begin PBXGroup section */
		204223D11F2246CE00D2D4C0 = {
			isa = PBXGroup;
			children = (
				204223DC1F2246CF00D2D4C0 /* MVVMWithRxSwiftExample */,
				204223DB1F2246CF00D2D4C0 /* Products */,
				674FB4DA1F285F8A0065E410 /* Frameworks */,
			);
			sourceTree = "<group>";
		};
		204223DB1F2246CF00D2D4C0 /* Products */ = {
			isa = PBXGroup;
			children = (
				204223DA1F2246CF00D2D4C0 /* MVVMWithRxSwiftExample.app */,
			);
			name = Products;
			sourceTree = "<group>";
		};
		204223DC1F2246CF00D2D4C0 /* MVVMWithRxSwiftExample */ = {
			isa = PBXGroup;
			children = (
				674FB4E11F285FAE0065E410 /* Common */,
				204223F31F23085300D2D4C0 /* API */,
				204223F21F23080100D2D4C0 /* ViewModels */,
				204223F11F2307EB00D2D4C0 /* ViewControllers */,
				204223F01F2307D400D2D4C0 /* Views */,
				204223EF1F2307BF00D2D4C0 /* Models */,
				204223DD1F2246CF00D2D4C0 /* AppDelegate.swift */,
				204223DF1F2246CF00D2D4C0 /* ViewController.swift */,
				204223E11F2246CF00D2D4C0 /* Main.storyboard */,
				204223E41F2246CF00D2D4C0 /* Assets.xcassets */,
				204223E61F2246CF00D2D4C0 /* LaunchScreen.storyboard */,
				204223E91F2246CF00D2D4C0 /* Info.plist */,
			);
			path = MVVMWithRxSwiftExample;
			sourceTree = "<group>";
		};
		204223EF1F2307BF00D2D4C0 /* Models */ = {
			isa = PBXGroup;
			children = (
			);
			path = Models;
			sourceTree = "<group>";
		};
		204223F01F2307D400D2D4C0 /* Views */ = {
			isa = PBXGroup;
			children = (
			);
			path = Views;
			sourceTree = "<group>";
		};
		204223F11F2307EB00D2D4C0 /* ViewControllers */ = {
			isa = PBXGroup;
			children = (
			);
			path = ViewControllers;
			sourceTree = "<group>";
		};
		204223F21F23080100D2D4C0 /* ViewModels */ = {
			isa = PBXGroup;
			children = (
			);
			path = ViewModels;
			sourceTree = "<group>";
		};
		204223F31F23085300D2D4C0 /* API */ = {
			isa = PBXGroup;
			children = (
				204223F51F23087A00D2D4C0 /* Responses */,
				204223F41F23086700D2D4C0 /* Requests */,
			);
			path = API;
			sourceTree = "<group>";
		};
		204223F41F23086700D2D4C0 /* Requests */ = {
			isa = PBXGroup;
			children = (
			);
			path = Requests;
			sourceTree = "<group>";
		};
		204223F51F23087A00D2D4C0 /* Responses */ = {
			isa = PBXGroup;
			children = (
			);
			path = Responses;
			sourceTree = "<group>";
		};
		674FB4DA1F285F8A0065E410 /* Frameworks */ = {
			isa = PBXGroup;
			children = (
				674FB4FF1F28641D0065E410 /* XCGLogger.framework */,
				674FB4DB1F285F8A0065E410 /* RxCocoa.framework */,
				674FB4DC1F285F8A0065E410 /* RxSwift.framework */,
				674FB4DD1F285F8A0065E410 /* Kingfisher.framework */,
			);
			name = Frameworks;
			sourceTree = "<group>";
		};
		674FB4E11F285FAE0065E410 /* Common */ = {
			isa = PBXGroup;
			children = (
				674FB5011F28651D0065E410 /* Enum */,
				674FB4E21F285FFA0065E410 /* Extension */,
			);
			path = Common;
			sourceTree = "<group>";
		};
		674FB4E21F285FFA0065E410 /* Extension */ = {
			isa = PBXGroup;
			children = (
				674FB4E31F2860390065E410 /* UIViewControllerExtention.swift */,
				674FB4E41F2860390065E410 /* NSObjectProtocolExtension.swift */,
				674FB4E51F2860390065E410 /* UIImageViewExtension.swift */,
				674FB4E61F2860390065E410 /* UIScrollView+Rx.swift */,
				674FB4E71F2860390065E410 /* UIStoryboardExtention.swift */,
				674FB4E81F2860390065E410 /* UITableViewCellExtension.swift */,
				674FB4E91F2860390065E410 /* UIViewExtension.swift */,
				674FB4EA1F2860390065E410 /* CellNibable.swift */,
				674FB4EB1F2860390065E410 /* Nibable.swift */,
				674FB4EC1F2860390065E410 /* NSObject+Rx.swift */,
				674FB4ED1F2860390065E410 /* ReusableViewNibable.swift */,
				674FB4EF1F2860390065E410 /* StringExtension.swift */,
				674FB4F01F2860390065E410 /* VariableExtension.swift */,
			);
			path = Extension;
			sourceTree = "<group>";
		};
		674FB5011F28651D0065E410 /* Enum */ = {
			isa = PBXGroup;
			children = (
				674FB5021F2865390065E410 /* AppEnum.swift */,
			);
			path = Enum;
			sourceTree = "<group>";
		};
/* End PBXGroup section */

/* Begin PBXNativeTarget section */
		204223D91F2246CF00D2D4C0 /* MVVMWithRxSwiftExample */ = {
			isa = PBXNativeTarget;
			buildConfigurationList = 204223EC1F2246CF00D2D4C0 /* Build configuration list for PBXNativeTarget "MVVMWithRxSwiftExample" */;
			buildPhases = (
				204223D61F2246CF00D2D4C0 /* Sources */,
				204223D71F2246CF00D2D4C0 /* Frameworks */,
				204223D81F2246CF00D2D4C0 /* Resources */,
			);
			buildRules = (
			);
			dependencies = (
			);
			name = MVVMWithRxSwiftExample;
			productName = MVVMWithRxSwiftExample;
			productReference = 204223DA1F2246CF00D2D4C0 /* MVVMWithRxSwiftExample.app */;
			productType = "com.apple.product-type.application";
		};
/* End PBXNativeTarget section */

/* Begin PBXProject section */
		204223D21F2246CE00D2D4C0 /* Project object */ = {
			isa = PBXProject;
			attributes = {
				LastSwiftUpdateCheck = 0720;
				LastUpgradeCheck = 0720;
				ORGANIZATIONNAME = "Duong Van Hop";
				TargetAttributes = {
					204223D91F2246CF00D2D4C0 = {
						CreatedOnToolsVersion = 7.2.1;
						LastSwiftMigration = 0830;
					};
				};
			};
			buildConfigurationList = 204223D51F2246CF00D2D4C0 /* Build configuration list for PBXProject "MVVMWithRxSwiftExample" */;
			compatibilityVersion = "Xcode 3.2";
			developmentRegion = English;
			hasScannedForEncodings = 0;
			knownRegions = (
				en,
				Base,
			);
			mainGroup = 204223D11F2246CE00D2D4C0;
			productRefGroup = 204223DB1F2246CF00D2D4C0 /* Products */;
			projectDirPath = "";
			projectRoot = "";
			targets = (
				204223D91F2246CF00D2D4C0 /* MVVMWithRxSwiftExample */,
			);
		};
/* End PBXProject section */

/* Begin PBXResourcesBuildPhase section */
		204223D81F2246CF00D2D4C0 /* Resources */ = {
			isa = PBXResourcesBuildPhase;
			buildActionMask = 2147483647;
			files = (
				204223E81F2246CF00D2D4C0 /* LaunchScreen.storyboard in Resources */,
				204223E51F2246CF00D2D4C0 /* Assets.xcassets in Resources */,
				204223E31F2246CF00D2D4C0 /* Main.storyboard in Resources */,
			);
			runOnlyForDeploymentPostprocessing = 0;
		};
/* End PBXResourcesBuildPhase section */

/* Begin PBXSourcesBuildPhase section */
		204223D61F2246CF00D2D4C0 /* Sources */ = {
			isa = PBXSourcesBuildPhase;
			buildActionMask = 2147483647;
			files = (
				674FB4F31F2860390065E410 /* UIImageViewExtension.swift in Sources */,
				674FB4F81F2860390065E410 /* CellNibable.swift in Sources */,
				674FB4FD1F2860390065E410 /* StringExtension.swift in Sources */,
				674FB4F41F2860390065E410 /* UIScrollView+Rx.swift in Sources */,
				204223E01F2246CF00D2D4C0 /* ViewController.swift in Sources */,
				674FB4FE1F2860390065E410 /* VariableExtension.swift in Sources */,
				674FB4F91F2860390065E410 /* Nibable.swift in Sources */,
				674FB4FA1F2860390065E410 /* NSObject+Rx.swift in Sources */,
				674FB4FB1F2860390065E410 /* ReusableViewNibable.swift in Sources */,
				674FB4F21F2860390065E410 /* NSObjectProtocolExtension.swift in Sources */,
				204223DE1F2246CF00D2D4C0 /* AppDelegate.swift in Sources */,
				674FB4F51F2860390065E410 /* UIStoryboardExtention.swift in Sources */,
				674FB4F71F2860390065E410 /* UIViewExtension.swift in Sources */,
				674FB4F11F2860390065E410 /* UIViewControllerExtention.swift in Sources */,
				674FB5031F2865390065E410 /* AppEnum.swift in Sources */,
				674FB4F61F2860390065E410 /* UITableViewCellExtension.swift in Sources */,
			);
			runOnlyForDeploymentPostprocessing = 0;
		};
/* End PBXSourcesBuildPhase section */

/* Begin PBXVariantGroup section */
		204223E11F2246CF00D2D4C0 /* Main.storyboard */ = {
			isa = PBXVariantGroup;
			children = (
				204223E21F2246CF00D2D4C0 /* Base */,
			);
			name = Main.storyboard;
			sourceTree = "<group>";
		};
		204223E61F2246CF00D2D4C0 /* LaunchScreen.storyboard */ = {
			isa = PBXVariantGroup;
			children = (
				204223E71F2246CF00D2D4C0 /* Base */,
			);
			name = LaunchScreen.storyboard;
			sourceTree = "<group>";
		};
/* End PBXVariantGroup section */

/* Begin XCBuildConfiguration section */
		204223EA1F2246CF00D2D4C0 /* Debug */ = {
			isa = XCBuildConfiguration;
			buildSettings = {
				ALWAYS_SEARCH_USER_PATHS = NO;
				CLANG_CXX_LANGUAGE_STANDARD = "gnu++0x";
				CLANG_CXX_LIBRARY = "libc++";
				CLANG_ENABLE_MODULES = YES;
				CLANG_ENABLE_OBJC_ARC = YES;
				CLANG_WARN_BOOL_CONVERSION = YES;
				CLANG_WARN_CONSTANT_CONVERSION = YES;
				CLANG_WARN_DIRECT_OBJC_ISA_USAGE = YES_ERROR;
				CLANG_WARN_EMPTY_BODY = YES;
				CLANG_WARN_ENUM_CONVERSION = YES;
				CLANG_WARN_INT_CONVERSION = YES;
				CLANG_WARN_OBJC_ROOT_CLASS = YES_ERROR;
				CLANG_WARN_UNREACHABLE_CODE = YES;
				CLANG_WARN__DUPLICATE_METHOD_MATCH = YES;
				"CODE_SIGN_IDENTITY[sdk=iphoneos*]" = "iPhone Developer";
				COPY_PHASE_STRIP = NO;
				DEBUG_INFORMATION_FORMAT = dwarf;
				ENABLE_STRICT_OBJC_MSGSEND = YES;
				ENABLE_TESTABILITY = YES;
				GCC_C_LANGUAGE_STANDARD = gnu99;
				GCC_DYNAMIC_NO_PIC = NO;
				GCC_NO_COMMON_BLOCKS = YES;
				GCC_OPTIMIZATION_LEVEL = 0;
				GCC_PREPROCESSOR_DEFINITIONS = (
					"DEBUG=1",
					"$(inherited)",
				);
				GCC_WARN_64_TO_32_BIT_CONVERSION = YES;
				GCC_WARN_ABOUT_RETURN_TYPE = YES_ERROR;
				GCC_WARN_UNDECLARED_SELECTOR = YES;
				GCC_WARN_UNINITIALIZED_AUTOS = YES_AGGRESSIVE;
				GCC_WARN_UNUSED_FUNCTION = YES;
				GCC_WARN_UNUSED_VARIABLE = YES;
				IPHONEOS_DEPLOYMENT_TARGET = 9.2;
				MTL_ENABLE_DEBUG_INFO = YES;
				ONLY_ACTIVE_ARCH = YES;
				SDKROOT = iphoneos;
				SWIFT_OPTIMIZATION_LEVEL = "-Onone";
			};
			name = Debug;
		};
		204223EB1F2246CF00D2D4C0 /* Release */ = {
			isa = XCBuildConfiguration;
			buildSettings = {
				ALWAYS_SEARCH_USER_PATHS = NO;
				CLANG_CXX_LANGUAGE_STANDARD = "gnu++0x";
				CLANG_CXX_LIBRARY = "libc++";
				CLANG_ENABLE_MODULES = YES;
				CLANG_ENABLE_OBJC_ARC = YES;
				CLANG_WARN_BOOL_CONVERSION = YES;
				CLANG_WARN_CONSTANT_CONVERSION = YES;
				CLANG_WARN_DIRECT_OBJC_ISA_USAGE = YES_ERROR;
				CLANG_WARN_EMPTY_BODY = YES;
				CLANG_WARN_ENUM_CONVERSION = YES;
				CLANG_WARN_INT_CONVERSION = YES;
				CLANG_WARN_OBJC_ROOT_CLASS = YES_ERROR;
				CLANG_WARN_UNREACHABLE_CODE = YES;
				CLANG_WARN__DUPLICATE_METHOD_MATCH = YES;
				"CODE_SIGN_IDENTITY[sdk=iphoneos*]" = "iPhone Developer";
				COPY_PHASE_STRIP = NO;
				DEBUG_INFORMATION_FORMAT = "dwarf-with-dsym";
				ENABLE_NS_ASSERTIONS = NO;
				ENABLE_STRICT_OBJC_MSGSEND = YES;
				GCC_C_LANGUAGE_STANDARD = gnu99;
				GCC_NO_COMMON_BLOCKS = YES;
				GCC_WARN_64_TO_32_BIT_CONVERSION = YES;
				GCC_WARN_ABOUT_RETURN_TYPE = YES_ERROR;
				GCC_WARN_UNDECLARED_SELECTOR = YES;
				GCC_WARN_UNINITIALIZED_AUTOS = YES_AGGRESSIVE;
				GCC_WARN_UNUSED_FUNCTION = YES;
				GCC_WARN_UNUSED_VARIABLE = YES;
				IPHONEOS_DEPLOYMENT_TARGET = 9.2;
				MTL_ENABLE_DEBUG_INFO = NO;
				SDKROOT = iphoneos;
				VALIDATE_PRODUCT = YES;
			};
			name = Release;
		};
		204223ED1F2246CF00D2D4C0 /* Debug */ = {
			isa = XCBuildConfiguration;
			buildSettings = {
				ASSETCATALOG_COMPILER_APPICON_NAME = AppIcon;
				FRAMEWORK_SEARCH_PATHS = (
					"$(inherited)",
					"$(PROJECT_DIR)/Carthage/Build/iOS",
				);
				INFOPLIST_FILE = MVVMWithRxSwiftExample/Info.plist;
				IPHONEOS_DEPLOYMENT_TARGET = 9.2;
				LD_RUNPATH_SEARCH_PATHS = "$(inherited) @executable_path/Frameworks";
				PRODUCT_BUNDLE_IDENTIFIER = com.hop.MVVMWithRxSwiftExample;
				PRODUCT_NAME = "$(TARGET_NAME)";
				SWIFT_VERSION = 3.0;
			};
			name = Debug;
		};
		204223EE1F2246CF00D2D4C0 /* Release */ = {
			isa = XCBuildConfiguration;
			buildSettings = {
				ASSETCATALOG_COMPILER_APPICON_NAME = AppIcon;
				FRAMEWORK_SEARCH_PATHS = (
					"$(inherited)",
					"$(PROJECT_DIR)/Carthage/Build/iOS",
				);
				INFOPLIST_FILE = MVVMWithRxSwiftExample/Info.plist;
				IPHONEOS_DEPLOYMENT_TARGET = 9.2;
				LD_RUNPATH_SEARCH_PATHS = "$(inherited) @executable_path/Frameworks";
				PRODUCT_BUNDLE_IDENTIFIER = com.hop.MVVMWithRxSwiftExample;
				PRODUCT_NAME = "$(TARGET_NAME)";
				SWIFT_VERSION = 3.0;
			};
			name = Release;
		};
/* End XCBuildConfiguration section */

/* Begin XCConfigurationList section */
		204223D51F2246CF00D2D4C0 /* Build configuration list for PBXProject "MVVMWithRxSwiftExample" */ = {
			isa = XCConfigurationList;
			buildConfigurations = (
				204223EA1F2246CF00D2D4C0 /* Debug */,
				204223EB1F2246CF00D2D4C0 /* Release */,
			);
			defaultConfigurationIsVisible = 0;
			defaultConfigurationName = Release;
		};
		204223EC1F2246CF00D2D4C0 /* Build configuration list for PBXNativeTarget "MVVMWithRxSwiftExample" */ = {
			isa = XCConfigurationList;
			buildConfigurations = (
				204223ED1F2246CF00D2D4C0 /* Debug */,
				204223EE1F2246CF00D2D4C0 /* Release */,
			);
			defaultConfigurationIsVisible = 0;
			defaultConfigurationName = Release;
		};
/* End XCConfigurationList section */
	};
	rootObject = 204223D21F2246CE00D2D4C0 /* Project object */;
}
